# This file is automatically @generated by Poetry 2.1.1 and should not be changed by hand.

[[package]]
name = "dotdict"
version = "0.1"
description = "dot style dictionary like JavaScript."
optional = false
python-versions = "*"
groups = ["main"]
files = [
    {file = "dotdict-0.1.tar.gz", hash = "sha256:2ac71d4c1e2c46ccb0f79fd0d375676b70c597a25375ca8d4c095cb04656b75b"},
]

[metadata]
lock-version = "2.1"
python-versions = ">=3.12"
content-hash = "62c783cf4a51bd72c4a7a88a1e3a90e6ef646852ec4daf144986bbf1630374b2"
